
Microsoft Visual Studio Solution File, Format Version 12.00
# Visual Studio Version 17
VisualStudioVersion = 17.3.32922.545
MinimumVisualStudioVersion = 10.0.40219.1
Project("{FAE04EC0-301F-11D3-BF4B-00C04F79EFBC}") = "Exercise2", "Exercise2\Exercise2.csproj", "{A5BFB627-5C71-4E86-8FE4-BECFCE967E7E}"
EndProject
Global
	GlobalSection(SolutionConfigurationPlatforms) = preSolution
		Debug|Any CPU = Debug|Any CPU
		Release|Any CPU = Release|Any CPU
	EndGlobalSection
	GlobalSection(ProjectConfigurationPlatforms) = postSolution
		{A5BFB627-5C71-4E86-8FE4-BECFCE967E7E}.Debug|Any CPU.ActiveCfg = Debug|Any CPU
		{A5BFB627-5C71-4E86-8FE4-BECFCE967E7E}.Debug|Any CPU.Build.0 = Debug|Any CPU
		{A5BFB627-5C71-4E86-8FE4-BECFCE967E7E}.Release|Any CPU.ActiveCfg = Release|Any CPU
		{A5BFB627-5C71-4E86-8FE4-BECFCE967E7E}.Release|Any CPU.Build.0 = Release|Any CPU
	EndGlobalSection
	GlobalSection(SolutionProperties) = preSolution
		HideSolutionNode = FALSE
	EndGlobalSection
	GlobalSection(ExtensibilityGlobals) = postSolution
		SolutionGuid = {15950FB6-5314-4FA6-AA0F-0C4A0807C84E}
	EndGlobalSection
EndGlobal
